// !$*UTF8*$!
{
	archiveVersion = 1;
	classes = {
	};
	objectVersion = 46;
	objects = {

/* Begin PBXBuildFile section */
		1419F96C1E92E21D00B7E464 /* AppDelegate.swift in Sources */ = {isa = PBXBuildFile; fileRef = 1419F96B1E92E21D00B7E464 /* AppDelegate.swift */; };
		1419F9731E92E21D00B7E464 /* Assets.xcassets in Resources */ = {isa = PBXBuildFile; fileRef = 1419F9721E92E21D00B7E464 /* Assets.xcassets */; };
		1419F9761E92E21D00B7E464 /* LaunchScreen.storyboard in Resources */ = {isa = PBXBuildFile; fileRef = 1419F9741E92E21D00B7E464 /* LaunchScreen.storyboard */; };
		1419F9811E92E21D00B7E464 /* SplityTests.swift in Sources */ = {isa = PBXBuildFile; fileRef = 1419F9801E92E21D00B7E464 /* SplityTests.swift */; };
		1425C3B21F52415200C6BA16 /* Extansion.swift in Sources */ = {isa = PBXBuildFile; fileRef = 1425C3B11F52415200C6BA16 /* Extansion.swift */; };
		142EC2582095E38B00B607F9 /* Enums.swift in Sources */ = {isa = PBXBuildFile; fileRef = 142EC24E2095E38700B607F9 /* Enums.swift */; };
		142EC2592095E38B00B607F9 /* TripCloudRequest.swift in Sources */ = {isa = PBXBuildFile; fileRef = 142EC24F2095E38800B607F9 /* TripCloudRequest.swift */; };
		142EC25A2095E38B00B607F9 /* Trip.swift in Sources */ = {isa = PBXBuildFile; fileRef = 142EC2502095E38800B607F9 /* Trip.swift */; };
		142EC25B2095E38B00B607F9 /* MyDelegate.swift in Sources */ = {isa = PBXBuildFile; fileRef = 142EC2512095E38800B607F9 /* MyDelegate.swift */; };
		142EC25C2095E38B00B607F9 /* CostComputationService.swift in Sources */ = {isa = PBXBuildFile; fileRef = 142EC2522095E38800B607F9 /* CostComputationService.swift */; };
		142EC25D2095E38B00B607F9 /* Utilities.swift in Sources */ = {isa = PBXBuildFile; fileRef = 142EC2532095E38800B607F9 /* Utilities.swift */; };
		142EC25E2095E38B00B607F9 /* Configuration.swift in Sources */ = {isa = PBXBuildFile; fileRef = 142EC2542095E38A00B607F9 /* Configuration.swift */; };
		142EC25F2095E38B00B607F9 /* Cost.swift in Sources */ = {isa = PBXBuildFile; fileRef = 142EC2552095E38A00B607F9 /* Cost.swift */; };
		142EC2602095E38B00B607F9 /* Model.swift in Sources */ = {isa = PBXBuildFile; fileRef = 142EC2562095E38A00B607F9 /* Model.swift */; };
		142EC2612095E38B00B607F9 /* Traveler.swift in Sources */ = {isa = PBXBuildFile; fileRef = 142EC2572095E38B00B607F9 /* Traveler.swift */; };
		F715F3DF244661C600CDC9EC /* TripDataModel.swift in Sources */ = {isa = PBXBuildFile; fileRef = F715F3DE244661C600CDC9EC /* TripDataModel.swift */; };
		F715F3E1244661F000CDC9EC /* CloudKitName.swift in Sources */ = {isa = PBXBuildFile; fileRef = F715F3E0244661F000CDC9EC /* CloudKitName.swift */; };
		F738C117244B604400885422 /* PaymentParticipationDataModel.swift in Sources */ = {isa = PBXBuildFile; fileRef = F738C116244B604400885422 /* PaymentParticipationDataModel.swift */; };
		F738C119244B6D5A00885422 /* ApplicationDataModel.swift in Sources */ = {isa = PBXBuildFile; fileRef = F738C118244B6D5A00885422 /* ApplicationDataModel.swift */; };
		F738C11D244B789400885422 /* BaseDataModel.swift in Sources */ = {isa = PBXBuildFile; fileRef = F738C11C244B789400885422 /* BaseDataModel.swift */; };
		F738C11F244B78CE00885422 /* InternalProtocol.swift in Sources */ = {isa = PBXBuildFile; fileRef = F738C11E244B78CE00885422 /* InternalProtocol.swift */; };
		F738C121244C7FB700885422 /* LocalRepository.swift in Sources */ = {isa = PBXBuildFile; fileRef = F738C120244C7FB700885422 /* LocalRepository.swift */; };
		F738C123244C7FC400885422 /* RemoteRepository.swift in Sources */ = {isa = PBXBuildFile; fileRef = F738C122244C7FC400885422 /* RemoteRepository.swift */; };
		F738C125244C811000885422 /* Extensions.swift in Sources */ = {isa = PBXBuildFile; fileRef = F738C124244C811000885422 /* Extensions.swift */; };
		F739BF9B232EA200002919BA /* Default-568h@2x.png in Resources */ = {isa = PBXBuildFile; fileRef = F739BF9A232EA200002919BA /* Default-568h@2x.png */; };
		F73A9649245F00330074ED72 /* Main.storyboard in Resources */ = {isa = PBXBuildFile; fileRef = F73A9648245F00330074ED72 /* Main.storyboard */; };
		F73A964B245F2DF90074ED72 /* BaseDataModelTests.swift in Sources */ = {isa = PBXBuildFile; fileRef = F73A964A245F2DF90074ED72 /* BaseDataModelTests.swift */; };
		F73A964D245F2E260074ED72 /* TripDataModelTests.swift in Sources */ = {isa = PBXBuildFile; fileRef = F73A964C245F2E260074ED72 /* TripDataModelTests.swift */; };
		F73A9650245F2E670074ED72 /* CostDataModelTests.swift in Sources */ = {isa = PBXBuildFile; fileRef = F73A964F245F2E670074ED72 /* CostDataModelTests.swift */; };
		F73A9652245F2E7C0074ED72 /* ApplicationDataModelTests.swift in Sources */ = {isa = PBXBuildFile; fileRef = F73A9651245F2E7C0074ED72 /* ApplicationDataModelTests.swift */; };
		F73A9654245F2E8B0074ED72 /* TravelerDataModelTests.swift in Sources */ = {isa = PBXBuildFile; fileRef = F73A9653245F2E8B0074ED72 /* TravelerDataModelTests.swift */; };
		F73A9656245F2E9E0074ED72 /* PaymentParticipationDataModelTests.swift in Sources */ = {isa = PBXBuildFile; fileRef = F73A9655245F2E9E0074ED72 /* PaymentParticipationDataModelTests.swift */; };
		F73A965A245F30C20074ED72 /* TravelerModel.swift in Sources */ = {isa = PBXBuildFile; fileRef = F73A9659245F30C10074ED72 /* TravelerModel.swift */; };
		F756948E21C5A60B002FAA0A /* CurrencyService.swift in Sources */ = {isa = PBXBuildFile; fileRef = F756948D21C5A60B002FAA0A /* CurrencyService.swift */; };
		F7BECACC22435D0900BA2648 /* ModelManager.swift in Sources */ = {isa = PBXBuildFile; fileRef = F7BECACB22435D0900BA2648 /* ModelManager.swift */; };
		F7BECACE22435D1E00BA2648 /* DataManager.swift in Sources */ = {isa = PBXBuildFile; fileRef = F7BECACD22435D1E00BA2648 /* DataManager.swift */; };
		F7C487182443673100F8F868 /* CostDataModel.swift in Sources */ = {isa = PBXBuildFile; fileRef = F7C487172443673100F8F868 /* CostDataModel.swift */; };
/* End PBXBuildFile section */

/* Begin PBXContainerItemProxy section */
		1419F97D1E92E21D00B7E464 /* PBXContainerItemProxy */ = {
			isa = PBXContainerItemProxy;
			containerPortal = 1419F9601E92E21C00B7E464 /* Project object */;
			proxyType = 1;
			remoteGlobalIDString = 1419F9671E92E21D00B7E464;
			remoteInfo = CostTracker;
		};
/* End PBXContainerItemProxy section */

/* Begin PBXFileReference section */
		1419F9681E92E21D00B7E464 /* Splity.app */ = {isa = PBXFileReference; explicitFileType = wrapper.application; includeInIndex = 0; path = Splity.app; sourceTree = BUILT_PRODUCTS_DIR; };
		1419F96B1E92E21D00B7E464 /* AppDelegate.swift */ = {isa = PBXFileReference; lastKnownFileType = sourcecode.swift; path = AppDelegate.swift; sourceTree = "<group>"; };
		1419F9721E92E21D00B7E464 /* Assets.xcassets */ = {isa = PBXFileReference; lastKnownFileType = folder.assetcatalog; path = Assets.xcassets; sourceTree = "<group>"; };
		1419F9751E92E21D00B7E464 /* Base */ = {isa = PBXFileReference; lastKnownFileType = file.storyboard; name = Base; path = Base.lproj/LaunchScreen.storyboard; sourceTree = "<group>"; };
		1419F9771E92E21D00B7E464 /* Info.plist */ = {isa = PBXFileReference; lastKnownFileType = text.plist.xml; path = Info.plist; sourceTree = "<group>"; };
		1419F97C1E92E21D00B7E464 /* SplityTests.xctest */ = {isa = PBXFileReference; explicitFileType = wrapper.cfbundle; includeInIndex = 0; path = SplityTests.xctest; sourceTree = BUILT_PRODUCTS_DIR; };
		1419F9801E92E21D00B7E464 /* SplityTests.swift */ = {isa = PBXFileReference; lastKnownFileType = sourcecode.swift; path = SplityTests.swift; sourceTree = "<group>"; };
		1419F9821E92E21D00B7E464 /* Info.plist */ = {isa = PBXFileReference; lastKnownFileType = text.plist.xml; path = Info.plist; sourceTree = "<group>"; };
		142012221F3A3CC300B049DE /* CostTracker.entitlements */ = {isa = PBXFileReference; lastKnownFileType = text.plist.entitlements; path = CostTracker.entitlements; sourceTree = "<group>"; };
		1425C3B11F52415200C6BA16 /* Extansion.swift */ = {isa = PBXFileReference; fileEncoding = 4; lastKnownFileType = sourcecode.swift; path = Extansion.swift; sourceTree = "<group>"; };
		142EC24E2095E38700B607F9 /* Enums.swift */ = {isa = PBXFileReference; fileEncoding = 4; lastKnownFileType = sourcecode.swift; path = Enums.swift; sourceTree = "<group>"; };
		142EC24F2095E38800B607F9 /* TripCloudRequest.swift */ = {isa = PBXFileReference; fileEncoding = 4; lastKnownFileType = sourcecode.swift; path = TripCloudRequest.swift; sourceTree = "<group>"; };
		142EC2502095E38800B607F9 /* Trip.swift */ = {isa = PBXFileReference; fileEncoding = 4; lastKnownFileType = sourcecode.swift; path = Trip.swift; sourceTree = "<group>"; };
		142EC2512095E38800B607F9 /* MyDelegate.swift */ = {isa = PBXFileReference; fileEncoding = 4; lastKnownFileType = sourcecode.swift; path = MyDelegate.swift; sourceTree = "<group>"; };
		142EC2522095E38800B607F9 /* CostComputationService.swift */ = {isa = PBXFileReference; fileEncoding = 4; lastKnownFileType = sourcecode.swift; path = CostComputationService.swift; sourceTree = "<group>"; };
		142EC2532095E38800B607F9 /* Utilities.swift */ = {isa = PBXFileReference; fileEncoding = 4; lastKnownFileType = sourcecode.swift; path = Utilities.swift; sourceTree = "<group>"; };
		142EC2542095E38A00B607F9 /* Configuration.swift */ = {isa = PBXFileReference; fileEncoding = 4; lastKnownFileType = sourcecode.swift; path = Configuration.swift; sourceTree = "<group>"; };
		142EC2552095E38A00B607F9 /* Cost.swift */ = {isa = PBXFileReference; fileEncoding = 4; lastKnownFileType = sourcecode.swift; path = Cost.swift; sourceTree = "<group>"; };
		142EC2562095E38A00B607F9 /* Model.swift */ = {isa = PBXFileReference; fileEncoding = 4; lastKnownFileType = sourcecode.swift; path = Model.swift; sourceTree = "<group>"; };
		142EC2572095E38B00B607F9 /* Traveler.swift */ = {isa = PBXFileReference; fileEncoding = 4; lastKnownFileType = sourcecode.swift; path = Traveler.swift; sourceTree = "<group>"; };
		F715F3DE244661C600CDC9EC /* TripDataModel.swift */ = {isa = PBXFileReference; lastKnownFileType = sourcecode.swift; path = TripDataModel.swift; sourceTree = "<group>"; };
		F715F3E0244661F000CDC9EC /* CloudKitName.swift */ = {isa = PBXFileReference; lastKnownFileType = sourcecode.swift; path = CloudKitName.swift; sourceTree = "<group>"; };
		F738C116244B604400885422 /* PaymentParticipationDataModel.swift */ = {isa = PBXFileReference; lastKnownFileType = sourcecode.swift; path = PaymentParticipationDataModel.swift; sourceTree = "<group>"; };
		F738C118244B6D5A00885422 /* ApplicationDataModel.swift */ = {isa = PBXFileReference; lastKnownFileType = sourcecode.swift; path = ApplicationDataModel.swift; sourceTree = "<group>"; };
		F738C11C244B789400885422 /* BaseDataModel.swift */ = {isa = PBXFileReference; lastKnownFileType = sourcecode.swift; path = BaseDataModel.swift; sourceTree = "<group>"; };
		F738C11E244B78CE00885422 /* InternalProtocol.swift */ = {isa = PBXFileReference; lastKnownFileType = sourcecode.swift; path = InternalProtocol.swift; sourceTree = "<group>"; };
		F738C120244C7FB700885422 /* LocalRepository.swift */ = {isa = PBXFileReference; lastKnownFileType = sourcecode.swift; path = LocalRepository.swift; sourceTree = "<group>"; };
		F738C122244C7FC400885422 /* RemoteRepository.swift */ = {isa = PBXFileReference; lastKnownFileType = sourcecode.swift; path = RemoteRepository.swift; sourceTree = "<group>"; };
		F738C124244C811000885422 /* Extensions.swift */ = {isa = PBXFileReference; lastKnownFileType = sourcecode.swift; path = Extensions.swift; sourceTree = "<group>"; };
		F739BF9A232EA200002919BA /* Default-568h@2x.png */ = {isa = PBXFileReference; lastKnownFileType = image.png; path = "Default-568h@2x.png"; sourceTree = "<group>"; };
		F739BF9C232EA621002919BA /* Splity.entitlements */ = {isa = PBXFileReference; lastKnownFileType = text.plist.entitlements; path = Splity.entitlements; sourceTree = "<group>"; };
		F73A9648245F00330074ED72 /* Main.storyboard */ = {isa = PBXFileReference; lastKnownFileType = file.storyboard; path = Main.storyboard; sourceTree = "<group>"; };
		F73A964A245F2DF90074ED72 /* BaseDataModelTests.swift */ = {isa = PBXFileReference; lastKnownFileType = sourcecode.swift; path = BaseDataModelTests.swift; sourceTree = "<group>"; };
		F73A964C245F2E260074ED72 /* TripDataModelTests.swift */ = {isa = PBXFileReference; lastKnownFileType = sourcecode.swift; path = TripDataModelTests.swift; sourceTree = "<group>"; };
		F73A964F245F2E670074ED72 /* CostDataModelTests.swift */ = {isa = PBXFileReference; lastKnownFileType = sourcecode.swift; path = CostDataModelTests.swift; sourceTree = "<group>"; };
		F73A9651245F2E7C0074ED72 /* ApplicationDataModelTests.swift */ = {isa = PBXFileReference; lastKnownFileType = sourcecode.swift; path = ApplicationDataModelTests.swift; sourceTree = "<group>"; };
		F73A9653245F2E8B0074ED72 /* TravelerDataModelTests.swift */ = {isa = PBXFileReference; lastKnownFileType = sourcecode.swift; path = TravelerDataModelTests.swift; sourceTree = "<group>"; };
		F73A9655245F2E9E0074ED72 /* PaymentParticipationDataModelTests.swift */ = {isa = PBXFileReference; lastKnownFileType = sourcecode.swift; path = PaymentParticipationDataModelTests.swift; sourceTree = "<group>"; };
		F73A9659245F30C10074ED72 /* TravelerModel.swift */ = {isa = PBXFileReference; fileEncoding = 4; lastKnownFileType = sourcecode.swift; path = TravelerModel.swift; sourceTree = "<group>"; };
		F756948D21C5A60B002FAA0A /* CurrencyService.swift */ = {isa = PBXFileReference; lastKnownFileType = sourcecode.swift; path = CurrencyService.swift; sourceTree = "<group>"; };
		F7BECACB22435D0900BA2648 /* ModelManager.swift */ = {isa = PBXFileReference; lastKnownFileType = sourcecode.swift; path = ModelManager.swift; sourceTree = "<group>"; };
		F7BECACD22435D1E00BA2648 /* DataManager.swift */ = {isa = PBXFileReference; lastKnownFileType = sourcecode.swift; path = DataManager.swift; sourceTree = "<group>"; };
		F7C487172443673100F8F868 /* CostDataModel.swift */ = {isa = PBXFileReference; lastKnownFileType = sourcecode.swift; path = CostDataModel.swift; sourceTree = "<group>"; };
/* End PBXFileReference section */

/* Begin PBXFrameworksBuildPhase section */
		1419F9651E92E21D00B7E464 /* Frameworks */ = {
			isa = PBXFrameworksBuildPhase;
			buildActionMask = 2147483647;
			files = (
			);
			runOnlyForDeploymentPostprocessing = 0;
		};
		1419F9791E92E21D00B7E464 /* Frameworks */ = {
			isa = PBXFrameworksBuildPhase;
			buildActionMask = 2147483647;
			files = (
			);
			runOnlyForDeploymentPostprocessing = 0;
		};
/* End PBXFrameworksBuildPhase section */

/* Begin PBXGroup section */
		1419F95F1E92E21C00B7E464 = {
			isa = PBXGroup;
			children = (
				F739BF9A232EA200002919BA /* Default-568h@2x.png */,
				1425C3B11F52415200C6BA16 /* Extansion.swift */,
				1419F96A1E92E21D00B7E464 /* Splity */,
				1419F97F1E92E21D00B7E464 /* SplityTests */,
				1419F9691E92E21D00B7E464 /* Products */,
				142012231F3A3CDD00B049DE /* Frameworks */,
			);
			sourceTree = "<group>";
		};
		1419F9691E92E21D00B7E464 /* Products */ = {
			isa = PBXGroup;
			children = (
				1419F9681E92E21D00B7E464 /* Splity.app */,
				1419F97C1E92E21D00B7E464 /* SplityTests.xctest */,
			);
			name = Products;
			sourceTree = "<group>";
		};
		1419F96A1E92E21D00B7E464 /* Splity */ = {
			isa = PBXGroup;
			children = (
				F739BF9C232EA621002919BA /* Splity.entitlements */,
				F756948C21C5A5F0002FAA0A /* Services */,
				142EC2622095E3FF00B607F9 /* Model */,
				142012221F3A3CC300B049DE /* CostTracker.entitlements */,
				1419F98B1E92E29000B7E464 /* Supporting Files */,
				F73A9648245F00330074ED72 /* Main.storyboard */,
			);
			path = Splity;
			sourceTree = "<group>";
		};
		1419F97F1E92E21D00B7E464 /* SplityTests */ = {
			isa = PBXGroup;
			children = (
				1419F9801E92E21D00B7E464 /* SplityTests.swift */,
				1419F9821E92E21D00B7E464 /* Info.plist */,
				F73A964A245F2DF90074ED72 /* BaseDataModelTests.swift */,
				F73A964C245F2E260074ED72 /* TripDataModelTests.swift */,
				F73A964F245F2E670074ED72 /* CostDataModelTests.swift */,
				F73A9651245F2E7C0074ED72 /* ApplicationDataModelTests.swift */,
				F73A9653245F2E8B0074ED72 /* TravelerDataModelTests.swift */,
				F73A9655245F2E9E0074ED72 /* PaymentParticipationDataModelTests.swift */,
			);
			path = SplityTests;
			sourceTree = "<group>";
		};
		1419F98B1E92E29000B7E464 /* Supporting Files */ = {
			isa = PBXGroup;
			children = (
				1419F96B1E92E21D00B7E464 /* AppDelegate.swift */,
				1419F9721E92E21D00B7E464 /* Assets.xcassets */,
				1419F9741E92E21D00B7E464 /* LaunchScreen.storyboard */,
				1419F9771E92E21D00B7E464 /* Info.plist */,
			);
			name = "Supporting Files";
			sourceTree = "<group>";
		};
		142012231F3A3CDD00B049DE /* Frameworks */ = {
			isa = PBXGroup;
			children = (
			);
			name = Frameworks;
			sourceTree = "<group>";
		};
		142EC2622095E3FF00B607F9 /* Model */ = {
			isa = PBXGroup;
			children = (
				F738C115244B5FFC00885422 /* Internal Model */,
				142EC2542095E38A00B607F9 /* Configuration.swift */,
				142EC2552095E38A00B607F9 /* Cost.swift */,
				142EC2522095E38800B607F9 /* CostComputationService.swift */,
				142EC24E2095E38700B607F9 /* Enums.swift */,
				142EC2562095E38A00B607F9 /* Model.swift */,
				142EC2512095E38800B607F9 /* MyDelegate.swift */,
				142EC2572095E38B00B607F9 /* Traveler.swift */,
				142EC2502095E38800B607F9 /* Trip.swift */,
				142EC24F2095E38800B607F9 /* TripCloudRequest.swift */,
				142EC2532095E38800B607F9 /* Utilities.swift */,
				F7BECACB22435D0900BA2648 /* ModelManager.swift */,
				F7BECACD22435D1E00BA2648 /* DataManager.swift */,
			);
			path = Model;
			sourceTree = "<group>";
		};
		F738C115244B5FFC00885422 /* Internal Model */ = {
			isa = PBXGroup;
			children = (
				F7C487172443673100F8F868 /* CostDataModel.swift */,
				F73A9659245F30C10074ED72 /* TravelerModel.swift */,
				F715F3DE244661C600CDC9EC /* TripDataModel.swift */,
				F715F3E0244661F000CDC9EC /* CloudKitName.swift */,
				F738C116244B604400885422 /* PaymentParticipationDataModel.swift */,
				F738C118244B6D5A00885422 /* ApplicationDataModel.swift */,
				F738C11C244B789400885422 /* BaseDataModel.swift */,
				F738C11E244B78CE00885422 /* InternalProtocol.swift */,
				F738C120244C7FB700885422 /* LocalRepository.swift */,
				F738C122244C7FC400885422 /* RemoteRepository.swift */,
				F738C124244C811000885422 /* Extensions.swift */,
			);
			path = "Internal Model";
			sourceTree = "<group>";
		};
		F756948C21C5A5F0002FAA0A /* Services */ = {
			isa = PBXGroup;
			children = (
				F756948D21C5A60B002FAA0A /* CurrencyService.swift */,
			);
			path = Services;
			sourceTree = "<group>";
		};
/* End PBXGroup section */

/* Begin PBXNativeTarget section */
		1419F9671E92E21D00B7E464 /* Splity */ = {
			isa = PBXNativeTarget;
			buildConfigurationList = 1419F9851E92E21D00B7E464 /* Build configuration list for PBXNativeTarget "Splity" */;
			buildPhases = (
				1419F9641E92E21D00B7E464 /* Sources */,
				1419F9651E92E21D00B7E464 /* Frameworks */,
				1419F9661E92E21D00B7E464 /* Resources */,
			);
			buildRules = (
			);
			dependencies = (
			);
			name = Splity;
			productName = CostTracker;
			productReference = 1419F9681E92E21D00B7E464 /* Splity.app */;
			productType = "com.apple.product-type.application";
		};
		1419F97B1E92E21D00B7E464 /* SplityTests */ = {
			isa = PBXNativeTarget;
			buildConfigurationList = 1419F9881E92E21D00B7E464 /* Build configuration list for PBXNativeTarget "SplityTests" */;
			buildPhases = (
				1419F9781E92E21D00B7E464 /* Sources */,
				1419F9791E92E21D00B7E464 /* Frameworks */,
				1419F97A1E92E21D00B7E464 /* Resources */,
			);
			buildRules = (
			);
			dependencies = (
				1419F97E1E92E21D00B7E464 /* PBXTargetDependency */,
			);
			name = SplityTests;
			productName = CostTrackerTests;
			productReference = 1419F97C1E92E21D00B7E464 /* SplityTests.xctest */;
			productType = "com.apple.product-type.bundle.unit-test";
		};
/* End PBXNativeTarget section */

/* Begin PBXProject section */
		1419F9601E92E21C00B7E464 /* Project object */ = {
			isa = PBXProject;
			attributes = {
				LastSwiftUpdateCheck = 0820;
				LastUpgradeCheck = 1030;
				ORGANIZATIONNAME = "Benoit ETIENNE";
				TargetAttributes = {
					1419F9671E92E21D00B7E464 = {
						CreatedOnToolsVersion = 8.2.1;
						DevelopmentTeam = SFY7A7Y8LB;
						LastSwiftMigration = 0930;
						ProvisioningStyle = Automatic;
						SystemCapabilities = {
							com.apple.Push = {
								enabled = 1;
							};
							com.apple.iCloud = {
								enabled = 1;
							};
						};
					};
					1419F97B1E92E21D00B7E464 = {
						CreatedOnToolsVersion = 8.2.1;
						DevelopmentTeam = SFY7A7Y8LB;
						LastSwiftMigration = 0930;
						ProvisioningStyle = Automatic;
						TestTargetID = 1419F9671E92E21D00B7E464;
					};
				};
			};
			buildConfigurationList = 1419F9631E92E21C00B7E464 /* Build configuration list for PBXProject "Splity" */;
			compatibilityVersion = "Xcode 3.2";
			developmentRegion = en;
			hasScannedForEncodings = 0;
			knownRegions = (
				en,
				Base,
			);
			mainGroup = 1419F95F1E92E21C00B7E464;
			productRefGroup = 1419F9691E92E21D00B7E464 /* Products */;
			projectDirPath = "";
			projectRoot = "";
			targets = (
				1419F9671E92E21D00B7E464 /* Splity */,
				1419F97B1E92E21D00B7E464 /* SplityTests */,
			);
		};
/* End PBXProject section */

/* Begin PBXResourcesBuildPhase section */
		1419F9661E92E21D00B7E464 /* Resources */ = {
			isa = PBXResourcesBuildPhase;
			buildActionMask = 2147483647;
			files = (
				F73A9649245F00330074ED72 /* Main.storyboard in Resources */,
				1419F9761E92E21D00B7E464 /* LaunchScreen.storyboard in Resources */,
				1419F9731E92E21D00B7E464 /* Assets.xcassets in Resources */,
				F739BF9B232EA200002919BA /* Default-568h@2x.png in Resources */,
			);
			runOnlyForDeploymentPostprocessing = 0;
		};
		1419F97A1E92E21D00B7E464 /* Resources */ = {
			isa = PBXResourcesBuildPhase;
			buildActionMask = 2147483647;
			files = (
			);
			runOnlyForDeploymentPostprocessing = 0;
		};
/* End PBXResourcesBuildPhase section */

/* Begin PBXSourcesBuildPhase section */
		1419F9641E92E21D00B7E464 /* Sources */ = {
			isa = PBXSourcesBuildPhase;
			buildActionMask = 2147483647;
			files = (
				F7BECACC22435D0900BA2648 /* ModelManager.swift in Sources */,
				142EC2582095E38B00B607F9 /* Enums.swift in Sources */,
				142EC25C2095E38B00B607F9 /* CostComputationService.swift in Sources */,
				F73A965A245F30C20074ED72 /* TravelerModel.swift in Sources */,
				142EC2592095E38B00B607F9 /* TripCloudRequest.swift in Sources */,
				F715F3E1244661F000CDC9EC /* CloudKitName.swift in Sources */,
				F7BECACE22435D1E00BA2648 /* DataManager.swift in Sources */,
				F738C123244C7FC400885422 /* RemoteRepository.swift in Sources */,
				142EC25E2095E38B00B607F9 /* Configuration.swift in Sources */,
				F738C117244B604400885422 /* PaymentParticipationDataModel.swift in Sources */,
				F738C119244B6D5A00885422 /* ApplicationDataModel.swift in Sources */,
				F738C11F244B78CE00885422 /* InternalProtocol.swift in Sources */,
				F738C125244C811000885422 /* Extensions.swift in Sources */,
				F756948E21C5A60B002FAA0A /* CurrencyService.swift in Sources */,
				F738C121244C7FB700885422 /* LocalRepository.swift in Sources */,
				142EC25A2095E38B00B607F9 /* Trip.swift in Sources */,
				F738C11D244B789400885422 /* BaseDataModel.swift in Sources */,
				F715F3DF244661C600CDC9EC /* TripDataModel.swift in Sources */,
				1419F96C1E92E21D00B7E464 /* AppDelegate.swift in Sources */,
				F7C487182443673100F8F868 /* CostDataModel.swift in Sources */,
				142EC2602095E38B00B607F9 /* Model.swift in Sources */,
				142EC2612095E38B00B607F9 /* Traveler.swift in Sources */,
				142EC25F2095E38B00B607F9 /* Cost.swift in Sources */,
				1425C3B21F52415200C6BA16 /* Extansion.swift in Sources */,
				142EC25B2095E38B00B607F9 /* MyDelegate.swift in Sources */,
				142EC25D2095E38B00B607F9 /* Utilities.swift in Sources */,
			);
			runOnlyForDeploymentPostprocessing = 0;
		};
		1419F9781E92E21D00B7E464 /* Sources */ = {
			isa = PBXSourcesBuildPhase;
			buildActionMask = 2147483647;
			files = (
				F73A9656245F2E9E0074ED72 /* PaymentParticipationDataModelTests.swift in Sources */,
				F73A9652245F2E7C0074ED72 /* ApplicationDataModelTests.swift in Sources */,
				F73A964B245F2DF90074ED72 /* BaseDataModelTests.swift in Sources */,
				F73A964D245F2E260074ED72 /* TripDataModelTests.swift in Sources */,
				F73A9650245F2E670074ED72 /* CostDataModelTests.swift in Sources */,
				F73A9654245F2E8B0074ED72 /* TravelerDataModelTests.swift in Sources */,
				1419F9811E92E21D00B7E464 /* SplityTests.swift in Sources */,
			);
			runOnlyForDeploymentPostprocessing = 0;
		};
/* End PBXSourcesBuildPhase section */

/* Begin PBXTargetDependency section */
		1419F97E1E92E21D00B7E464 /* PBXTargetDependency */ = {
			isa = PBXTargetDependency;
			target = 1419F9671E92E21D00B7E464 /* Splity */;
			targetProxy = 1419F97D1E92E21D00B7E464 /* PBXContainerItemProxy */;
		};
/* End PBXTargetDependency section */

/* Begin PBXVariantGroup section */
		1419F9741E92E21D00B7E464 /* LaunchScreen.storyboard */ = {
			isa = PBXVariantGroup;
			children = (
				1419F9751E92E21D00B7E464 /* Base */,
			);
			name = LaunchScreen.storyboard;
			sourceTree = "<group>";
		};
/* End PBXVariantGroup section */

/* Begin XCBuildConfiguration section */
		1419F9831E92E21D00B7E464 /* Debug */ = {
			isa = XCBuildConfiguration;
			buildSettings = {
				ALWAYS_SEARCH_USER_PATHS = NO;
				CLANG_ANALYZER_LOCALIZABILITY_NONLOCALIZED = YES;
				CLANG_ANALYZER_NONNULL = YES;
				CLANG_CXX_LANGUAGE_STANDARD = "gnu++0x";
				CLANG_CXX_LIBRARY = "libc++";
				CLANG_ENABLE_MODULES = YES;
				CLANG_ENABLE_OBJC_ARC = YES;
				CLANG_WARN_BLOCK_CAPTURE_AUTORELEASING = YES;
				CLANG_WARN_BOOL_CONVERSION = YES;
				CLANG_WARN_COMMA = YES;
				CLANG_WARN_CONSTANT_CONVERSION = YES;
				CLANG_WARN_DEPRECATED_OBJC_IMPLEMENTATIONS = YES;
				CLANG_WARN_DIRECT_OBJC_ISA_USAGE = YES_ERROR;
				CLANG_WARN_DOCUMENTATION_COMMENTS = YES;
				CLANG_WARN_EMPTY_BODY = YES;
				CLANG_WARN_ENUM_CONVERSION = YES;
				CLANG_WARN_INFINITE_RECURSION = YES;
				CLANG_WARN_INT_CONVERSION = YES;
				CLANG_WARN_NON_LITERAL_NULL_CONVERSION = YES;
				CLANG_WARN_OBJC_IMPLICIT_RETAIN_SELF = YES;
				CLANG_WARN_OBJC_LITERAL_CONVERSION = YES;
				CLANG_WARN_OBJC_ROOT_CLASS = YES_ERROR;
				CLANG_WARN_RANGE_LOOP_ANALYSIS = YES;
				CLANG_WARN_STRICT_PROTOTYPES = YES;
				CLANG_WARN_SUSPICIOUS_MOVE = YES;
				CLANG_WARN_UNREACHABLE_CODE = YES;
				CLANG_WARN__DUPLICATE_METHOD_MATCH = YES;
				"CODE_SIGN_IDENTITY[sdk=iphoneos*]" = "iPhone Developer";
				COPY_PHASE_STRIP = NO;
				DEBUG_INFORMATION_FORMAT = dwarf;
				ENABLE_STRICT_OBJC_MSGSEND = YES;
				ENABLE_TESTABILITY = YES;
				GCC_C_LANGUAGE_STANDARD = gnu99;
				GCC_DYNAMIC_NO_PIC = NO;
				GCC_NO_COMMON_BLOCKS = YES;
				GCC_OPTIMIZATION_LEVEL = 0;
				GCC_PREPROCESSOR_DEFINITIONS = (
					"DEBUG=1",
					"$(inherited)",
				);
				GCC_WARN_64_TO_32_BIT_CONVERSION = YES;
				GCC_WARN_ABOUT_RETURN_TYPE = YES_ERROR;
				GCC_WARN_UNDECLARED_SELECTOR = YES;
				GCC_WARN_UNINITIALIZED_AUTOS = YES_AGGRESSIVE;
				GCC_WARN_UNUSED_FUNCTION = YES;
				GCC_WARN_UNUSED_VARIABLE = YES;
				IPHONEOS_DEPLOYMENT_TARGET = 10.2;
				MTL_ENABLE_DEBUG_INFO = YES;
				ONLY_ACTIVE_ARCH = YES;
				SDKROOT = iphoneos;
				SWIFT_ACTIVE_COMPILATION_CONDITIONS = DEBUG;
				SWIFT_OPTIMIZATION_LEVEL = "-Onone";
				TARGETED_DEVICE_FAMILY = "1,2";
			};
			name = Debug;
		};
		1419F9841E92E21D00B7E464 /* Release */ = {
			isa = XCBuildConfiguration;
			buildSettings = {
				ALWAYS_SEARCH_USER_PATHS = NO;
				CLANG_ANALYZER_LOCALIZABILITY_NONLOCALIZED = YES;
				CLANG_ANALYZER_NONNULL = YES;
				CLANG_CXX_LANGUAGE_STANDARD = "gnu++0x";
				CLANG_CXX_LIBRARY = "libc++";
				CLANG_ENABLE_MODULES = YES;
				CLANG_ENABLE_OBJC_ARC = YES;
				CLANG_WARN_BLOCK_CAPTURE_AUTORELEASING = YES;
				CLANG_WARN_BOOL_CONVERSION = YES;
				CLANG_WARN_COMMA = YES;
				CLANG_WARN_CONSTANT_CONVERSION = YES;
				CLANG_WARN_DEPRECATED_OBJC_IMPLEMENTATIONS = YES;
				CLANG_WARN_DIRECT_OBJC_ISA_USAGE = YES_ERROR;
				CLANG_WARN_DOCUMENTATION_COMMENTS = YES;
				CLANG_WARN_EMPTY_BODY = YES;
				CLANG_WARN_ENUM_CONVERSION = YES;
				CLANG_WARN_INFINITE_RECURSION = YES;
				CLANG_WARN_INT_CONVERSION = YES;
				CLANG_WARN_NON_LITERAL_NULL_CONVERSION = YES;
				CLANG_WARN_OBJC_IMPLICIT_RETAIN_SELF = YES;
				CLANG_WARN_OBJC_LITERAL_CONVERSION = YES;
				CLANG_WARN_OBJC_ROOT_CLASS = YES_ERROR;
				CLANG_WARN_RANGE_LOOP_ANALYSIS = YES;
				CLANG_WARN_STRICT_PROTOTYPES = YES;
				CLANG_WARN_SUSPICIOUS_MOVE = YES;
				CLANG_WARN_UNREACHABLE_CODE = YES;
				CLANG_WARN__DUPLICATE_METHOD_MATCH = YES;
				"CODE_SIGN_IDENTITY[sdk=iphoneos*]" = "iPhone Developer";
				COPY_PHASE_STRIP = NO;
				DEBUG_INFORMATION_FORMAT = "dwarf-with-dsym";
				ENABLE_NS_ASSERTIONS = NO;
				ENABLE_STRICT_OBJC_MSGSEND = YES;
				GCC_C_LANGUAGE_STANDARD = gnu99;
				GCC_NO_COMMON_BLOCKS = YES;
				GCC_WARN_64_TO_32_BIT_CONVERSION = YES;
				GCC_WARN_ABOUT_RETURN_TYPE = YES_ERROR;
				GCC_WARN_UNDECLARED_SELECTOR = YES;
				GCC_WARN_UNINITIALIZED_AUTOS = YES_AGGRESSIVE;
				GCC_WARN_UNUSED_FUNCTION = YES;
				GCC_WARN_UNUSED_VARIABLE = YES;
				IPHONEOS_DEPLOYMENT_TARGET = 10.2;
				MTL_ENABLE_DEBUG_INFO = NO;
				SDKROOT = iphoneos;
				SWIFT_OPTIMIZATION_LEVEL = "-Owholemodule";
				TARGETED_DEVICE_FAMILY = "1,2";
				VALIDATE_PRODUCT = YES;
			};
			name = Release;
		};
		1419F9861E92E21D00B7E464 /* Debug */ = {
			isa = XCBuildConfiguration;
			buildSettings = {
				ASSETCATALOG_COMPILER_APPICON_NAME = AppIcon;
				CODE_SIGN_ENTITLEMENTS = Splity/Splity.entitlements;
				DEVELOPMENT_TEAM = SFY7A7Y8LB;
				INFOPLIST_FILE = Splity/Info.plist;
				LD_RUNPATH_SEARCH_PATHS = "$(inherited) @executable_path/Frameworks";
				PRODUCT_BUNDLE_IDENTIFIER = me.Splity;
				PRODUCT_NAME = "$(TARGET_NAME)";
				SWIFT_SWIFT3_OBJC_INFERENCE = Default;
				SWIFT_VERSION = 4.0;
			};
			name = Debug;
		};
		1419F9871E92E21D00B7E464 /* Release */ = {
			isa = XCBuildConfiguration;
			buildSettings = {
				ASSETCATALOG_COMPILER_APPICON_NAME = AppIcon;
				CODE_SIGN_ENTITLEMENTS = Splity/Splity.entitlements;
				DEVELOPMENT_TEAM = SFY7A7Y8LB;
				INFOPLIST_FILE = Splity/Info.plist;
				LD_RUNPATH_SEARCH_PATHS = "$(inherited) @executable_path/Frameworks";
				PRODUCT_BUNDLE_IDENTIFIER = me.Splity;
				PRODUCT_NAME = "$(TARGET_NAME)";
				SWIFT_SWIFT3_OBJC_INFERENCE = Default;
				SWIFT_VERSION = 4.0;
			};
			name = Release;
		};
		1419F9891E92E21D00B7E464 /* Debug */ = {
			isa = XCBuildConfiguration;
			buildSettings = {
				ALWAYS_EMBED_SWIFT_STANDARD_LIBRARIES = YES;
				BUNDLE_LOADER = "$(TEST_HOST)";
				DEVELOPMENT_TEAM = SFY7A7Y8LB;
				INFOPLIST_FILE = Splity/Info.plist;
				LD_RUNPATH_SEARCH_PATHS = "$(inherited) @executable_path/Frameworks @loader_path/Frameworks";
				PRODUCT_BUNDLE_IDENTIFIER = me.SplityTests;
				PRODUCT_NAME = "$(TARGET_NAME)";
				SWIFT_SWIFT3_OBJC_INFERENCE = Default;
				SWIFT_VERSION = 4.0;
				TEST_HOST = "$(BUILT_PRODUCTS_DIR)/Splity.app/Splity";
			};
			name = Debug;
		};
		1419F98A1E92E21D00B7E464 /* Release */ = {
			isa = XCBuildConfiguration;
			buildSettings = {
				ALWAYS_EMBED_SWIFT_STANDARD_LIBRARIES = YES;
				BUNDLE_LOADER = "$(TEST_HOST)";
				DEVELOPMENT_TEAM = SFY7A7Y8LB;
				INFOPLIST_FILE = Splity/Info.plist;
				LD_RUNPATH_SEARCH_PATHS = "$(inherited) @executable_path/Frameworks @loader_path/Frameworks";
				PRODUCT_BUNDLE_IDENTIFIER = me.SplityTests;
				PRODUCT_NAME = "$(TARGET_NAME)";
				SWIFT_SWIFT3_OBJC_INFERENCE = Default;
				SWIFT_VERSION = 4.0;
				TEST_HOST = "$(BUILT_PRODUCTS_DIR)/Splity.app/Splity";
			};
			name = Release;
		};
/* End XCBuildConfiguration section */

/* Begin XCConfigurationList section */
		1419F9631E92E21C00B7E464 /* Build configuration list for PBXProject "Splity" */ = {
			isa = XCConfigurationList;
			buildConfigurations = (
				1419F9831E92E21D00B7E464 /* Debug */,
				1419F9841E92E21D00B7E464 /* Release */,
			);
			defaultConfigurationIsVisible = 0;
			defaultConfigurationName = Release;
		};
		1419F9851E92E21D00B7E464 /* Build configuration list for PBXNativeTarget "Splity" */ = {
			isa = XCConfigurationList;
			buildConfigurations = (
				1419F9861E92E21D00B7E464 /* Debug */,
				1419F9871E92E21D00B7E464 /* Release */,
			);
			defaultConfigurationIsVisible = 0;
			defaultConfigurationName = Release;
		};
		1419F9881E92E21D00B7E464 /* Build configuration list for PBXNativeTarget "SplityTests" */ = {
			isa = XCConfigurationList;
			buildConfigurations = (
				1419F9891E92E21D00B7E464 /* Debug */,
				1419F98A1E92E21D00B7E464 /* Release */,
			);
			defaultConfigurationIsVisible = 0;
			defaultConfigurationName = Release;
		};
/* End XCConfigurationList section */
	};
	rootObject = 1419F9601E92E21C00B7E464 /* Project object */;
}
